
Microsoft Visual Studio Solution File, Format Version 12.00
# Visual Studio Version 17
VisualStudioVersion = 17.0.31611.283
MinimumVisualStudioVersion = 10.0.40219.1
Project("{9A19103F-16F7-4668-BE54-9A1E7A4F7556}") = "RudeusBg", "RudeusBg\RudeusBg.csproj", "{2AE02423-85E4-4A7F-A0AC-54415CE03892}"
EndProject
Project("{D954291E-2A0B-460D-934E-DC6B0785DB48}") = "RudeusSharedLib", "RudeusSharedLib\RudeusSharedLib.shproj", "{3A757969-84E1-42B6-991A-2E871A4B706A}"
EndProject
Project("{9A19103F-16F7-4668-BE54-9A1E7A4F7556}") = "RudeusBgForm", "RudeusBgForm\RudeusBgForm.csproj", "{9756D22B-AFC9-457B-B2D1-B616CFF6B359}"
EndProject
Project("{2150E333-8FDC-42A3-9474-1A3956D46DE8}") = "ソリューション項目", "ソリューション項目", "{3816213A-CC04-402D-AFE2-9B9466F98E8E}"
	ProjectSection(SolutionItems) = preProject
		ca.crt = ca.crt
		InnoSetupConfig.iss = InnoSetupConfig.iss
		stu2.crt = stu2.crt
	EndProjectSection
EndProject
Project("{9A19103F-16F7-4668-BE54-9A1E7A4F7556}") = "RudeusBgInitializer", "RudeusBgInitializer\RudeusBgInitializer.csproj", "{1B243447-C4D2-4ED9-8FB5-D2221210D357}"
EndProject
Project("{9A19103F-16F7-4668-BE54-9A1E7A4F7556}") = "RudeusBgPost", "RudeusBgPost\RudeusBgPost.csproj", "{923AB694-4753-4F29-879C-EA2C33E756EB}"
EndProject
Project("{2150E333-8FDC-42A3-9474-1A3956D46DE8}") = "output", "output", "{D2FB2B93-495C-4D72-927A-55C4387910EA}"
EndProject
Global
	GlobalSection(SolutionConfigurationPlatforms) = preSolution
		Debug|Any CPU = Debug|Any CPU
		Debug|x64 = Debug|x64
		Debug|x86 = Debug|x86
		Release|Any CPU = Release|Any CPU
		Release|x64 = Release|x64
		Release|x86 = Release|x86
	EndGlobalSection
	GlobalSection(ProjectConfigurationPlatforms) = postSolution
		{2AE02423-85E4-4A7F-A0AC-54415CE03892}.Debug|Any CPU.ActiveCfg = Debug|Any CPU
		{2AE02423-85E4-4A7F-A0AC-54415CE03892}.Debug|Any CPU.Build.0 = Debug|Any CPU
		{2AE02423-85E4-4A7F-A0AC-54415CE03892}.Debug|x64.ActiveCfg = Debug|Any CPU
		{2AE02423-85E4-4A7F-A0AC-54415CE03892}.Debug|x64.Build.0 = Debug|Any CPU
		{2AE02423-85E4-4A7F-A0AC-54415CE03892}.Debug|x86.ActiveCfg = Debug|Any CPU
		{2AE02423-85E4-4A7F-A0AC-54415CE03892}.Debug|x86.Build.0 = Debug|Any CPU
		{2AE02423-85E4-4A7F-A0AC-54415CE03892}.Release|Any CPU.ActiveCfg = Release|Any CPU
		{2AE02423-85E4-4A7F-A0AC-54415CE03892}.Release|Any CPU.Build.0 = Release|Any CPU
		{2AE02423-85E4-4A7F-A0AC-54415CE03892}.Release|x64.ActiveCfg = Release|Any CPU
		{2AE02423-85E4-4A7F-A0AC-54415CE03892}.Release|x64.Build.0 = Release|Any CPU
		{2AE02423-85E4-4A7F-A0AC-54415CE03892}.Release|x86.ActiveCfg = Release|Any CPU
		{2AE02423-85E4-4A7F-A0AC-54415CE03892}.Release|x86.Build.0 = Release|Any CPU
		{9756D22B-AFC9-457B-B2D1-B616CFF6B359}.Debug|Any CPU.ActiveCfg = Debug|Any CPU
		{9756D22B-AFC9-457B-B2D1-B616CFF6B359}.Debug|Any CPU.Build.0 = Debug|Any CPU
		{9756D22B-AFC9-457B-B2D1-B616CFF6B359}.Debug|x64.ActiveCfg = Debug|Any CPU
		{9756D22B-AFC9-457B-B2D1-B616CFF6B359}.Debug|x64.Build.0 = Debug|Any CPU
		{9756D22B-AFC9-457B-B2D1-B616CFF6B359}.Debug|x86.ActiveCfg = Debug|Any CPU
		{9756D22B-AFC9-457B-B2D1-B616CFF6B359}.Debug|x86.Build.0 = Debug|Any CPU
		{9756D22B-AFC9-457B-B2D1-B616CFF6B359}.Release|Any CPU.ActiveCfg = Release|Any CPU
		{9756D22B-AFC9-457B-B2D1-B616CFF6B359}.Release|Any CPU.Build.0 = Release|Any CPU
		{9756D22B-AFC9-457B-B2D1-B616CFF6B359}.Release|x64.ActiveCfg = Release|Any CPU
		{9756D22B-AFC9-457B-B2D1-B616CFF6B359}.Release|x64.Build.0 = Release|Any CPU
		{9756D22B-AFC9-457B-B2D1-B616CFF6B359}.Release|x86.ActiveCfg = Release|Any CPU
		{9756D22B-AFC9-457B-B2D1-B616CFF6B359}.Release|x86.Build.0 = Release|Any CPU
		{1B243447-C4D2-4ED9-8FB5-D2221210D357}.Debug|Any CPU.ActiveCfg = Debug|Any CPU
		{1B243447-C4D2-4ED9-8FB5-D2221210D357}.Debug|Any CPU.Build.0 = Debug|Any CPU
		{1B243447-C4D2-4ED9-8FB5-D2221210D357}.Debug|x64.ActiveCfg = Debug|Any CPU
		{1B243447-C4D2-4ED9-8FB5-D2221210D357}.Debug|x64.Build.0 = Debug|Any CPU
		{1B243447-C4D2-4ED9-8FB5-D2221210D357}.Debug|x86.ActiveCfg = Debug|Any CPU
		{1B243447-C4D2-4ED9-8FB5-D2221210D357}.Debug|x86.Build.0 = Debug|Any CPU
		{1B243447-C4D2-4ED9-8FB5-D2221210D357}.Release|Any CPU.ActiveCfg = Release|Any CPU
		{1B243447-C4D2-4ED9-8FB5-D2221210D357}.Release|Any CPU.Build.0 = Release|Any CPU
		{1B243447-C4D2-4ED9-8FB5-D2221210D357}.Release|x64.ActiveCfg = Release|Any CPU
		{1B243447-C4D2-4ED9-8FB5-D2221210D357}.Release|x64.Build.0 = Release|Any CPU
		{1B243447-C4D2-4ED9-8FB5-D2221210D357}.Release|x86.ActiveCfg = Release|Any CPU
		{1B243447-C4D2-4ED9-8FB5-D2221210D357}.Release|x86.Build.0 = Release|Any CPU
		{923AB694-4753-4F29-879C-EA2C33E756EB}.Debug|Any CPU.ActiveCfg = Debug|Any CPU
		{923AB694-4753-4F29-879C-EA2C33E756EB}.Debug|Any CPU.Build.0 = Debug|Any CPU
		{923AB694-4753-4F29-879C-EA2C33E756EB}.Debug|x64.ActiveCfg = Debug|Any CPU
		{923AB694-4753-4F29-879C-EA2C33E756EB}.Debug|x64.Build.0 = Debug|Any CPU
		{923AB694-4753-4F29-879C-EA2C33E756EB}.Debug|x86.ActiveCfg = Debug|Any CPU
		{923AB694-4753-4F29-879C-EA2C33E756EB}.Debug|x86.Build.0 = Debug|Any CPU
		{923AB694-4753-4F29-879C-EA2C33E756EB}.Release|Any CPU.ActiveCfg = Release|Any CPU
		{923AB694-4753-4F29-879C-EA2C33E756EB}.Release|Any CPU.Build.0 = Release|Any CPU
		{923AB694-4753-4F29-879C-EA2C33E756EB}.Release|x64.ActiveCfg = Release|Any CPU
		{923AB694-4753-4F29-879C-EA2C33E756EB}.Release|x64.Build.0 = Release|Any CPU
		{923AB694-4753-4F29-879C-EA2C33E756EB}.Release|x86.ActiveCfg = Release|Any CPU
		{923AB694-4753-4F29-879C-EA2C33E756EB}.Release|x86.Build.0 = Release|Any CPU
	EndGlobalSection
	GlobalSection(SolutionProperties) = preSolution
		HideSolutionNode = FALSE
	EndGlobalSection
	GlobalSection(NestedProjects) = preSolution
		{D2FB2B93-495C-4D72-927A-55C4387910EA} = {3816213A-CC04-402D-AFE2-9B9466F98E8E}
	EndGlobalSection
	GlobalSection(ExtensibilityGlobals) = postSolution
		SolutionGuid = {61F7FB11-1E47-470C-91E2-47F8143E1572}
	EndGlobalSection
	GlobalSection(SharedMSBuildProjectFiles) = preSolution
		RudeusSharedLib\RudeusSharedLib.projitems*{2ae02423-85e4-4a7f-a0ac-54415ce03892}*SharedItemsImports = 5
		RudeusSharedLib\RudeusSharedLib.projitems*{3a757969-84e1-42b6-991a-2e871a4b706a}*SharedItemsImports = 13
		RudeusSharedLib\RudeusSharedLib.projitems*{923ab694-4753-4f29-879c-ea2c33e756eb}*SharedItemsImports = 5
		RudeusSharedLib\RudeusSharedLib.projitems*{9756d22b-afc9-457b-b2d1-b616cff6b359}*SharedItemsImports = 5
	EndGlobalSection
EndGlobal
