
Microsoft Visual Studio Solution File, Format Version 12.00
# Visual Studio Version 17
VisualStudioVersion = 17.0.31611.283
MinimumVisualStudioVersion = 10.0.40219.1
Project("{9A19103F-16F7-4668-BE54-9A1E7A4F7556}") = "Command", "Command\Command.csproj", "{2AE02423-85E4-4A7F-A0AC-54415CE03892}"
EndProject
Project("{9A19103F-16F7-4668-BE54-9A1E7A4F7556}") = "Application", "Application\Application.csproj", "{9756D22B-AFC9-457B-B2D1-B616CFF6B359}"
EndProject
Project("{2150E333-8FDC-42A3-9474-1A3956D46DE8}") = "ソリューション項目", "ソリューション項目", "{3816213A-CC04-402D-AFE2-9B9466F98E8E}"
	ProjectSection(SolutionItems) = preProject
		.gitignore = .gitignore
		codesign2.crt = codesign2.crt
		.github\workflows\dotnet-desktop.yml = .github\workflows\dotnet-desktop.yml
		Installer\InnoSetupConfig.iss = Installer\InnoSetupConfig.iss
		README.md = README.md
	EndProjectSection
EndProject
Project("{9A19103F-16F7-4668-BE54-9A1E7A4F7556}") = "Initializer", "Initializer\Initializer.csproj", "{1B243447-C4D2-4ED9-8FB5-D2221210D357}"
EndProject
Project("{9A19103F-16F7-4668-BE54-9A1E7A4F7556}") = "Uninstaller", "Uninstaller\Uninstaller.csproj", "{A1CA567B-0227-4780-8C61-322EA32BB35D}"
EndProject
Project("{9A19103F-16F7-4668-BE54-9A1E7A4F7556}") = "Launcher", "Launcher\Launcher.csproj", "{BE9569B8-AA21-4061-891C-48FDC3A08A01}"
EndProject
Project("{9A19103F-16F7-4668-BE54-9A1E7A4F7556}") = "Test", "Test\Test.csproj", "{5C85ADDC-4440-40BE-AF91-F918FBA0799E}"
EndProject
Project("{9A19103F-16F7-4668-BE54-9A1E7A4F7556}") = "SharedLib", "SharedLib\SharedLib.csproj", "{656B1061-72A0-4617-924A-770E40600AEB}"
EndProject
Project("{FAE04EC0-301F-11D3-BF4B-00C04F79EFBC}") = "DocFX", "DocFX\DocFX.csproj", "{CE353ACA-1979-4A36-8A27-BA42FCCD35C4}"
EndProject
Global
	GlobalSection(SolutionConfigurationPlatforms) = preSolution
		Debug|Any CPU = Debug|Any CPU
		Debug|x64 = Debug|x64
		Debug|x86 = Debug|x86
		Development|Any CPU = Development|Any CPU
		Development|x64 = Development|x64
		Development|x86 = Development|x86
		Release|Any CPU = Release|Any CPU
		Release|x64 = Release|x64
		Release|x86 = Release|x86
	EndGlobalSection
	GlobalSection(ProjectConfigurationPlatforms) = postSolution
		{2AE02423-85E4-4A7F-A0AC-54415CE03892}.Debug|Any CPU.ActiveCfg = Debug|Any CPU
		{2AE02423-85E4-4A7F-A0AC-54415CE03892}.Debug|Any CPU.Build.0 = Debug|Any CPU
		{2AE02423-85E4-4A7F-A0AC-54415CE03892}.Debug|x64.ActiveCfg = Debug|Any CPU
		{2AE02423-85E4-4A7F-A0AC-54415CE03892}.Debug|x64.Build.0 = Debug|Any CPU
		{2AE02423-85E4-4A7F-A0AC-54415CE03892}.Debug|x86.ActiveCfg = Debug|Any CPU
		{2AE02423-85E4-4A7F-A0AC-54415CE03892}.Debug|x86.Build.0 = Debug|Any CPU
		{2AE02423-85E4-4A7F-A0AC-54415CE03892}.Development|Any CPU.ActiveCfg = Development|Any CPU
		{2AE02423-85E4-4A7F-A0AC-54415CE03892}.Development|Any CPU.Build.0 = Development|Any CPU
		{2AE02423-85E4-4A7F-A0AC-54415CE03892}.Development|x64.ActiveCfg = Development|Any CPU
		{2AE02423-85E4-4A7F-A0AC-54415CE03892}.Development|x64.Build.0 = Development|Any CPU
		{2AE02423-85E4-4A7F-A0AC-54415CE03892}.Development|x86.ActiveCfg = Development|Any CPU
		{2AE02423-85E4-4A7F-A0AC-54415CE03892}.Development|x86.Build.0 = Development|Any CPU
		{2AE02423-85E4-4A7F-A0AC-54415CE03892}.Release|Any CPU.ActiveCfg = Release|Any CPU
		{2AE02423-85E4-4A7F-A0AC-54415CE03892}.Release|Any CPU.Build.0 = Release|Any CPU
		{2AE02423-85E4-4A7F-A0AC-54415CE03892}.Release|x64.ActiveCfg = Release|Any CPU
		{2AE02423-85E4-4A7F-A0AC-54415CE03892}.Release|x64.Build.0 = Release|Any CPU
		{2AE02423-85E4-4A7F-A0AC-54415CE03892}.Release|x86.ActiveCfg = Release|Any CPU
		{2AE02423-85E4-4A7F-A0AC-54415CE03892}.Release|x86.Build.0 = Release|Any CPU
		{9756D22B-AFC9-457B-B2D1-B616CFF6B359}.Debug|Any CPU.ActiveCfg = Debug|Any CPU
		{9756D22B-AFC9-457B-B2D1-B616CFF6B359}.Debug|Any CPU.Build.0 = Debug|Any CPU
		{9756D22B-AFC9-457B-B2D1-B616CFF6B359}.Debug|x64.ActiveCfg = Debug|Any CPU
		{9756D22B-AFC9-457B-B2D1-B616CFF6B359}.Debug|x64.Build.0 = Debug|Any CPU
		{9756D22B-AFC9-457B-B2D1-B616CFF6B359}.Debug|x86.ActiveCfg = Debug|Any CPU
		{9756D22B-AFC9-457B-B2D1-B616CFF6B359}.Debug|x86.Build.0 = Debug|Any CPU
		{9756D22B-AFC9-457B-B2D1-B616CFF6B359}.Development|Any CPU.ActiveCfg = Development|Any CPU
		{9756D22B-AFC9-457B-B2D1-B616CFF6B359}.Development|Any CPU.Build.0 = Development|Any CPU
		{9756D22B-AFC9-457B-B2D1-B616CFF6B359}.Development|x64.ActiveCfg = Development|Any CPU
		{9756D22B-AFC9-457B-B2D1-B616CFF6B359}.Development|x64.Build.0 = Development|Any CPU
		{9756D22B-AFC9-457B-B2D1-B616CFF6B359}.Development|x86.ActiveCfg = Development|Any CPU
		{9756D22B-AFC9-457B-B2D1-B616CFF6B359}.Development|x86.Build.0 = Development|Any CPU
		{9756D22B-AFC9-457B-B2D1-B616CFF6B359}.Release|Any CPU.ActiveCfg = Release|Any CPU
		{9756D22B-AFC9-457B-B2D1-B616CFF6B359}.Release|Any CPU.Build.0 = Release|Any CPU
		{9756D22B-AFC9-457B-B2D1-B616CFF6B359}.Release|x64.ActiveCfg = Release|Any CPU
		{9756D22B-AFC9-457B-B2D1-B616CFF6B359}.Release|x64.Build.0 = Release|Any CPU
		{9756D22B-AFC9-457B-B2D1-B616CFF6B359}.Release|x86.ActiveCfg = Release|Any CPU
		{9756D22B-AFC9-457B-B2D1-B616CFF6B359}.Release|x86.Build.0 = Release|Any CPU
		{1B243447-C4D2-4ED9-8FB5-D2221210D357}.Debug|Any CPU.ActiveCfg = Debug|Any CPU
		{1B243447-C4D2-4ED9-8FB5-D2221210D357}.Debug|Any CPU.Build.0 = Debug|Any CPU
		{1B243447-C4D2-4ED9-8FB5-D2221210D357}.Debug|x64.ActiveCfg = Debug|Any CPU
		{1B243447-C4D2-4ED9-8FB5-D2221210D357}.Debug|x64.Build.0 = Debug|Any CPU
		{1B243447-C4D2-4ED9-8FB5-D2221210D357}.Debug|x86.ActiveCfg = Debug|Any CPU
		{1B243447-C4D2-4ED9-8FB5-D2221210D357}.Debug|x86.Build.0 = Debug|Any CPU
		{1B243447-C4D2-4ED9-8FB5-D2221210D357}.Development|Any CPU.ActiveCfg = Development|Any CPU
		{1B243447-C4D2-4ED9-8FB5-D2221210D357}.Development|Any CPU.Build.0 = Development|Any CPU
		{1B243447-C4D2-4ED9-8FB5-D2221210D357}.Development|x64.ActiveCfg = Development|Any CPU
		{1B243447-C4D2-4ED9-8FB5-D2221210D357}.Development|x64.Build.0 = Development|Any CPU
		{1B243447-C4D2-4ED9-8FB5-D2221210D357}.Development|x86.ActiveCfg = Development|Any CPU
		{1B243447-C4D2-4ED9-8FB5-D2221210D357}.Development|x86.Build.0 = Development|Any CPU
		{1B243447-C4D2-4ED9-8FB5-D2221210D357}.Release|Any CPU.ActiveCfg = Release|Any CPU
		{1B243447-C4D2-4ED9-8FB5-D2221210D357}.Release|Any CPU.Build.0 = Release|Any CPU
		{1B243447-C4D2-4ED9-8FB5-D2221210D357}.Release|x64.ActiveCfg = Release|Any CPU
		{1B243447-C4D2-4ED9-8FB5-D2221210D357}.Release|x64.Build.0 = Release|Any CPU
		{1B243447-C4D2-4ED9-8FB5-D2221210D357}.Release|x86.ActiveCfg = Release|Any CPU
		{1B243447-C4D2-4ED9-8FB5-D2221210D357}.Release|x86.Build.0 = Release|Any CPU
		{A1CA567B-0227-4780-8C61-322EA32BB35D}.Debug|Any CPU.ActiveCfg = Debug|Any CPU
		{A1CA567B-0227-4780-8C61-322EA32BB35D}.Debug|Any CPU.Build.0 = Debug|Any CPU
		{A1CA567B-0227-4780-8C61-322EA32BB35D}.Debug|x64.ActiveCfg = Debug|Any CPU
		{A1CA567B-0227-4780-8C61-322EA32BB35D}.Debug|x64.Build.0 = Debug|Any CPU
		{A1CA567B-0227-4780-8C61-322EA32BB35D}.Debug|x86.ActiveCfg = Debug|Any CPU
		{A1CA567B-0227-4780-8C61-322EA32BB35D}.Debug|x86.Build.0 = Debug|Any CPU
		{A1CA567B-0227-4780-8C61-322EA32BB35D}.Development|Any CPU.ActiveCfg = Development|Any CPU
		{A1CA567B-0227-4780-8C61-322EA32BB35D}.Development|Any CPU.Build.0 = Development|Any CPU
		{A1CA567B-0227-4780-8C61-322EA32BB35D}.Development|x64.ActiveCfg = Development|Any CPU
		{A1CA567B-0227-4780-8C61-322EA32BB35D}.Development|x64.Build.0 = Development|Any CPU
		{A1CA567B-0227-4780-8C61-322EA32BB35D}.Development|x86.ActiveCfg = Development|Any CPU
		{A1CA567B-0227-4780-8C61-322EA32BB35D}.Development|x86.Build.0 = Development|Any CPU
		{A1CA567B-0227-4780-8C61-322EA32BB35D}.Release|Any CPU.ActiveCfg = Release|Any CPU
		{A1CA567B-0227-4780-8C61-322EA32BB35D}.Release|Any CPU.Build.0 = Release|Any CPU
		{A1CA567B-0227-4780-8C61-322EA32BB35D}.Release|x64.ActiveCfg = Release|Any CPU
		{A1CA567B-0227-4780-8C61-322EA32BB35D}.Release|x64.Build.0 = Release|Any CPU
		{A1CA567B-0227-4780-8C61-322EA32BB35D}.Release|x86.ActiveCfg = Release|Any CPU
		{A1CA567B-0227-4780-8C61-322EA32BB35D}.Release|x86.Build.0 = Release|Any CPU
		{BE9569B8-AA21-4061-891C-48FDC3A08A01}.Debug|Any CPU.ActiveCfg = Debug|Any CPU
		{BE9569B8-AA21-4061-891C-48FDC3A08A01}.Debug|Any CPU.Build.0 = Debug|Any CPU
		{BE9569B8-AA21-4061-891C-48FDC3A08A01}.Debug|x64.ActiveCfg = Debug|Any CPU
		{BE9569B8-AA21-4061-891C-48FDC3A08A01}.Debug|x64.Build.0 = Debug|Any CPU
		{BE9569B8-AA21-4061-891C-48FDC3A08A01}.Debug|x86.ActiveCfg = Debug|Any CPU
		{BE9569B8-AA21-4061-891C-48FDC3A08A01}.Debug|x86.Build.0 = Debug|Any CPU
		{BE9569B8-AA21-4061-891C-48FDC3A08A01}.Development|Any CPU.ActiveCfg = Development|Any CPU
		{BE9569B8-AA21-4061-891C-48FDC3A08A01}.Development|Any CPU.Build.0 = Development|Any CPU
		{BE9569B8-AA21-4061-891C-48FDC3A08A01}.Development|x64.ActiveCfg = Development|Any CPU
		{BE9569B8-AA21-4061-891C-48FDC3A08A01}.Development|x64.Build.0 = Development|Any CPU
		{BE9569B8-AA21-4061-891C-48FDC3A08A01}.Development|x86.ActiveCfg = Development|Any CPU
		{BE9569B8-AA21-4061-891C-48FDC3A08A01}.Development|x86.Build.0 = Development|Any CPU
		{BE9569B8-AA21-4061-891C-48FDC3A08A01}.Release|Any CPU.ActiveCfg = Release|Any CPU
		{BE9569B8-AA21-4061-891C-48FDC3A08A01}.Release|Any CPU.Build.0 = Release|Any CPU
		{BE9569B8-AA21-4061-891C-48FDC3A08A01}.Release|x64.ActiveCfg = Release|Any CPU
		{BE9569B8-AA21-4061-891C-48FDC3A08A01}.Release|x64.Build.0 = Release|Any CPU
		{BE9569B8-AA21-4061-891C-48FDC3A08A01}.Release|x86.ActiveCfg = Release|Any CPU
		{BE9569B8-AA21-4061-891C-48FDC3A08A01}.Release|x86.Build.0 = Release|Any CPU
		{5C85ADDC-4440-40BE-AF91-F918FBA0799E}.Debug|Any CPU.ActiveCfg = Debug|Any CPU
		{5C85ADDC-4440-40BE-AF91-F918FBA0799E}.Debug|Any CPU.Build.0 = Debug|Any CPU
		{5C85ADDC-4440-40BE-AF91-F918FBA0799E}.Debug|x64.ActiveCfg = Debug|Any CPU
		{5C85ADDC-4440-40BE-AF91-F918FBA0799E}.Debug|x64.Build.0 = Debug|Any CPU
		{5C85ADDC-4440-40BE-AF91-F918FBA0799E}.Debug|x86.ActiveCfg = Debug|Any CPU
		{5C85ADDC-4440-40BE-AF91-F918FBA0799E}.Debug|x86.Build.0 = Debug|Any CPU
		{5C85ADDC-4440-40BE-AF91-F918FBA0799E}.Development|Any CPU.ActiveCfg = Debug|Any CPU
		{5C85ADDC-4440-40BE-AF91-F918FBA0799E}.Development|Any CPU.Build.0 = Debug|Any CPU
		{5C85ADDC-4440-40BE-AF91-F918FBA0799E}.Development|x64.ActiveCfg = Debug|Any CPU
		{5C85ADDC-4440-40BE-AF91-F918FBA0799E}.Development|x64.Build.0 = Debug|Any CPU
		{5C85ADDC-4440-40BE-AF91-F918FBA0799E}.Development|x86.ActiveCfg = Debug|Any CPU
		{5C85ADDC-4440-40BE-AF91-F918FBA0799E}.Development|x86.Build.0 = Debug|Any CPU
		{5C85ADDC-4440-40BE-AF91-F918FBA0799E}.Release|Any CPU.ActiveCfg = Release|Any CPU
		{5C85ADDC-4440-40BE-AF91-F918FBA0799E}.Release|Any CPU.Build.0 = Release|Any CPU
		{5C85ADDC-4440-40BE-AF91-F918FBA0799E}.Release|x64.ActiveCfg = Release|Any CPU
		{5C85ADDC-4440-40BE-AF91-F918FBA0799E}.Release|x64.Build.0 = Release|Any CPU
		{5C85ADDC-4440-40BE-AF91-F918FBA0799E}.Release|x86.ActiveCfg = Release|Any CPU
		{5C85ADDC-4440-40BE-AF91-F918FBA0799E}.Release|x86.Build.0 = Release|Any CPU
		{656B1061-72A0-4617-924A-770E40600AEB}.Debug|Any CPU.ActiveCfg = Debug|Any CPU
		{656B1061-72A0-4617-924A-770E40600AEB}.Debug|Any CPU.Build.0 = Debug|Any CPU
		{656B1061-72A0-4617-924A-770E40600AEB}.Debug|x64.ActiveCfg = Debug|Any CPU
		{656B1061-72A0-4617-924A-770E40600AEB}.Debug|x64.Build.0 = Debug|Any CPU
		{656B1061-72A0-4617-924A-770E40600AEB}.Debug|x86.ActiveCfg = Debug|Any CPU
		{656B1061-72A0-4617-924A-770E40600AEB}.Debug|x86.Build.0 = Debug|Any CPU
		{656B1061-72A0-4617-924A-770E40600AEB}.Development|Any CPU.ActiveCfg = Debug|Any CPU
		{656B1061-72A0-4617-924A-770E40600AEB}.Development|Any CPU.Build.0 = Debug|Any CPU
		{656B1061-72A0-4617-924A-770E40600AEB}.Development|x64.ActiveCfg = Debug|Any CPU
		{656B1061-72A0-4617-924A-770E40600AEB}.Development|x64.Build.0 = Debug|Any CPU
		{656B1061-72A0-4617-924A-770E40600AEB}.Development|x86.ActiveCfg = Debug|Any CPU
		{656B1061-72A0-4617-924A-770E40600AEB}.Development|x86.Build.0 = Debug|Any CPU
		{656B1061-72A0-4617-924A-770E40600AEB}.Release|Any CPU.ActiveCfg = Release|Any CPU
		{656B1061-72A0-4617-924A-770E40600AEB}.Release|Any CPU.Build.0 = Release|Any CPU
		{656B1061-72A0-4617-924A-770E40600AEB}.Release|x64.ActiveCfg = Release|Any CPU
		{656B1061-72A0-4617-924A-770E40600AEB}.Release|x64.Build.0 = Release|Any CPU
		{656B1061-72A0-4617-924A-770E40600AEB}.Release|x86.ActiveCfg = Release|Any CPU
		{656B1061-72A0-4617-924A-770E40600AEB}.Release|x86.Build.0 = Release|Any CPU
		{CE353ACA-1979-4A36-8A27-BA42FCCD35C4}.Debug|Any CPU.ActiveCfg = Debug|Any CPU
		{CE353ACA-1979-4A36-8A27-BA42FCCD35C4}.Debug|Any CPU.Build.0 = Debug|Any CPU
		{CE353ACA-1979-4A36-8A27-BA42FCCD35C4}.Debug|x64.ActiveCfg = Debug|Any CPU
		{CE353ACA-1979-4A36-8A27-BA42FCCD35C4}.Debug|x64.Build.0 = Debug|Any CPU
		{CE353ACA-1979-4A36-8A27-BA42FCCD35C4}.Debug|x86.ActiveCfg = Debug|Any CPU
		{CE353ACA-1979-4A36-8A27-BA42FCCD35C4}.Debug|x86.Build.0 = Debug|Any CPU
		{CE353ACA-1979-4A36-8A27-BA42FCCD35C4}.Development|Any CPU.ActiveCfg = Debug|Any CPU
		{CE353ACA-1979-4A36-8A27-BA42FCCD35C4}.Development|Any CPU.Build.0 = Debug|Any CPU
		{CE353ACA-1979-4A36-8A27-BA42FCCD35C4}.Development|x64.ActiveCfg = Debug|Any CPU
		{CE353ACA-1979-4A36-8A27-BA42FCCD35C4}.Development|x64.Build.0 = Debug|Any CPU
		{CE353ACA-1979-4A36-8A27-BA42FCCD35C4}.Development|x86.ActiveCfg = Debug|Any CPU
		{CE353ACA-1979-4A36-8A27-BA42FCCD35C4}.Development|x86.Build.0 = Debug|Any CPU
		{CE353ACA-1979-4A36-8A27-BA42FCCD35C4}.Release|Any CPU.ActiveCfg = Release|Any CPU
		{CE353ACA-1979-4A36-8A27-BA42FCCD35C4}.Release|Any CPU.Build.0 = Release|Any CPU
		{CE353ACA-1979-4A36-8A27-BA42FCCD35C4}.Release|x64.ActiveCfg = Release|Any CPU
		{CE353ACA-1979-4A36-8A27-BA42FCCD35C4}.Release|x64.Build.0 = Release|Any CPU
		{CE353ACA-1979-4A36-8A27-BA42FCCD35C4}.Release|x86.ActiveCfg = Release|Any CPU
		{CE353ACA-1979-4A36-8A27-BA42FCCD35C4}.Release|x86.Build.0 = Release|Any CPU
	EndGlobalSection
	GlobalSection(SolutionProperties) = preSolution
		HideSolutionNode = FALSE
	EndGlobalSection
	GlobalSection(ExtensibilityGlobals) = postSolution
		SolutionGuid = {61F7FB11-1E47-470C-91E2-47F8143E1572}
	EndGlobalSection
EndGlobal
